// !$*UTF8*$!
{
	archiveVersion = 1;
	classes = {
	};
	objectVersion = 46;
	objects = {

/* Begin PBXBuildFile section */
		27BF63F61DBDD00E000FD106 /* AppDelegate.swift in Sources */ = {isa = PBXBuildFile; fileRef = 27BF63F51DBDD00E000FD106 /* AppDelegate.swift */; };
		27BF63F81DBDD00E000FD106 /* FaceViewController.swift in Sources */ = {isa = PBXBuildFile; fileRef = 27BF63F71DBDD00E000FD106 /* FaceViewController.swift */; };
		27BF63FB1DBDD00E000FD106 /* Main.storyboard in Resources */ = {isa = PBXBuildFile; fileRef = 27BF63F91DBDD00E000FD106 /* Main.storyboard */; };
		27BF63FD1DBDD00E000FD106 /* Assets.xcassets in Resources */ = {isa = PBXBuildFile; fileRef = 27BF63FC1DBDD00E000FD106 /* Assets.xcassets */; };
		27BF64001DBDD00E000FD106 /* LaunchScreen.storyboard in Resources */ = {isa = PBXBuildFile; fileRef = 27BF63FE1DBDD00E000FD106 /* LaunchScreen.storyboard */; };
		27BF64091DBDD0C3000FD106 /* FaceView.swift in Sources */ = {isa = PBXBuildFile; fileRef = 27BF64081DBDD0C3000FD106 /* FaceView.swift */; };
		27BF640B1DBDDC15000FD106 /* FacialExpression.swift in Sources */ = {isa = PBXBuildFile; fileRef = 27BF640A1DBDDC15000FD106 /* FacialExpression.swift */; };
/* End PBXBuildFile section */

/* Begin PBXFileReference section */
		27BF63F21DBDD00E000FD106 /* FaceIt.app */ = {isa = PBXFileReference; explicitFileType = wrapper.application; includeInIndex = 0; path = FaceIt.app; sourceTree = BUILT_PRODUCTS_DIR; };
		27BF63F51DBDD00E000FD106 /* AppDelegate.swift */ = {isa = PBXFileReference; lastKnownFileType = sourcecode.swift; path = AppDelegate.swift; sourceTree = "<group>"; };
		27BF63F71DBDD00E000FD106 /* FaceViewController.swift */ = {isa = PBXFileReference; lastKnownFileType = sourcecode.swift; path = FaceViewController.swift; sourceTree = "<group>"; };
		27BF63FA1DBDD00E000FD106 /* Base */ = {isa = PBXFileReference; lastKnownFileType = file.storyboard; name = Base; path = Base.lproj/Main.storyboard; sourceTree = "<group>"; };
		27BF63FC1DBDD00E000FD106 /* Assets.xcassets */ = {isa = PBXFileReference; lastKnownFileType = folder.assetcatalog; path = Assets.xcassets; sourceTree = "<group>"; };
		27BF63FF1DBDD00E000FD106 /* Base */ = {isa = PBXFileReference; lastKnownFileType = file.storyboard; name = Base; path = Base.lproj/LaunchScreen.storyboard; sourceTree = "<group>"; };
		27BF64011DBDD00E000FD106 /* Info.plist */ = {isa = PBXFileReference; lastKnownFileType = text.plist.xml; path = Info.plist; sourceTree = "<group>"; };
		27BF64081DBDD0C3000FD106 /* FaceView.swift */ = {isa = PBXFileReference; fileEncoding = 4; lastKnownFileType = sourcecode.swift; path = FaceView.swift; sourceTree = "<group>"; };
		27BF640A1DBDDC15000FD106 /* FacialExpression.swift */ = {isa = PBXFileReference; fileEncoding = 4; lastKnownFileType = sourcecode.swift; path = FacialExpression.swift; sourceTree = "<group>"; };
/* End PBXFileReference section */

/* Begin PBXFrameworksBuildPhase section */
		27BF63EF1DBDD00E000FD106 /* Frameworks */ = {
			isa = PBXFrameworksBuildPhase;
			buildActionMask = 2147483647;
			files = (
			);
			runOnlyForDeploymentPostprocessing = 0;
		};
/* End PBXFrameworksBuildPhase section */

/* Begin PBXGroup section */
		27BF63E91DBDD00D000FD106 = {
			isa = PBXGroup;
			children = (
				27BF63F41DBDD00E000FD106 /* FaceIt */,
				27BF63F31DBDD00E000FD106 /* Products */,
			);
			sourceTree = "<group>";
		};
		27BF63F31DBDD00E000FD106 /* Products */ = {
			isa = PBXGroup;
			children = (
				27BF63F21DBDD00E000FD106 /* FaceIt.app */,
			);
			name = Products;
			sourceTree = "<group>";
		};
		27BF63F41DBDD00E000FD106 /* FaceIt */ = {
			isa = PBXGroup;
			children = (
				27BF63F71DBDD00E000FD106 /* FaceViewController.swift */,
				27BF63F91DBDD00E000FD106 /* Main.storyboard */,
				27BF64081DBDD0C3000FD106 /* FaceView.swift */,
				27BF640A1DBDDC15000FD106 /* FacialExpression.swift */,
				27BF64071DBDD022000FD106 /* Supporting Files */,
			);
			path = FaceIt;
			sourceTree = "<group>";
		};
		27BF64071DBDD022000FD106 /* Supporting Files */ = {
			isa = PBXGroup;
			children = (
				27BF63F51DBDD00E000FD106 /* AppDelegate.swift */,
				27BF63FC1DBDD00E000FD106 /* Assets.xcassets */,
				27BF63FE1DBDD00E000FD106 /* LaunchScreen.storyboard */,
				27BF64011DBDD00E000FD106 /* Info.plist */,
			);
			name = "Supporting Files";
			sourceTree = "<group>";
		};
/* End PBXGroup section */

/* Begin PBXNativeTarget section */
		27BF63F11DBDD00E000FD106 /* FaceIt */ = {
			isa = PBXNativeTarget;
			buildConfigurationList = 27BF64041DBDD00E000FD106 /* Build configuration list for PBXNativeTarget "FaceIt" */;
			buildPhases = (
				27BF63EE1DBDD00E000FD106 /* Sources */,
				27BF63EF1DBDD00E000FD106 /* Frameworks */,
				27BF63F01DBDD00E000FD106 /* Resources */,
			);
			buildRules = (
			);
			dependencies = (
			);
			name = FaceIt;
			productName = FaceIt;
			productReference = 27BF63F21DBDD00E000FD106 /* FaceIt.app */;
			productType = "com.apple.product-type.application";
		};
/* End PBXNativeTarget section */

/* Begin PBXProject section */
		27BF63EA1DBDD00D000FD106 /* Project object */ = {
			isa = PBXProject;
			attributes = {
				LastSwiftUpdateCheck = 0730;
				LastUpgradeCheck = 0730;
				ORGANIZATIONNAME = cdts;
				TargetAttributes = {
					27BF63F11DBDD00E000FD106 = {
						CreatedOnToolsVersion = 7.3.1;
					};
				};
			};
			buildConfigurationList = 27BF63ED1DBDD00D000FD106 /* Build configuration list for PBXProject "FaceIt" */;
			compatibilityVersion = "Xcode 3.2";
			developmentRegion = English;
			hasScannedForEncodings = 0;
			knownRegions = (
				en,
				Base,
			);
			mainGroup = 27BF63E91DBDD00D000FD106;
			productRefGroup = 27BF63F31DBDD00E000FD106 /* Products */;
			projectDirPath = "";
			projectRoot = "";
			targets = (
				27BF63F11DBDD00E000FD106 /* FaceIt */,
			);
		};
/* End PBXProject section */

/* Begin PBXResourcesBuildPhase section */
		27BF63F01DBDD00E000FD106 /* Resources */ = {
			isa = PBXResourcesBuildPhase;
			buildActionMask = 2147483647;
			files = (
				27BF64001DBDD00E000FD106 /* LaunchScreen.storyboard in Resources */,
				27BF63FD1DBDD00E000FD106 /* Assets.xcassets in Resources */,
				27BF63FB1DBDD00E000FD106 /* Main.storyboard in Resources */,
			);
			runOnlyForDeploymentPostprocessing = 0;
		};
/* End PBXResourcesBuildPhase section */

/* Begin PBXSourcesBuildPhase section */
		27BF63EE1DBDD00E000FD106 /* Sources */ = {
			isa = PBXSourcesBuildPhase;
			buildActionMask = 2147483647;
			files = (
				27BF63F81DBDD00E000FD106 /* FaceViewController.swift in Sources */,
				27BF640B1DBDDC15000FD106 /* FacialExpression.swift in Sources */,
				27BF63F61DBDD00E000FD106 /* AppDelegate.swift in Sources */,
				27BF64091DBDD0C3000FD106 /* FaceView.swift in Sources */,
			);
			runOnlyForDeploymentPostprocessing = 0;
		};
/* End PBXSourcesBuildPhase section */

/* Begin PBXVariantGroup section */
		27BF63F91DBDD00E000FD106 /* Main.storyboard */ = {
			isa = PBXVariantGroup;
			children = (
				27BF63FA1DBDD00E000FD106 /* Base */,
			);
			name = Main.storyboard;
			sourceTree = "<group>";
		};
		27BF63FE1DBDD00E000FD106 /* LaunchScreen.storyboard */ = {
			isa = PBXVariantGroup;
			children = (
				27BF63FF1DBDD00E000FD106 /* Base */,
			);
			name = LaunchScreen.storyboard;
			sourceTree = "<group>";
		};
/* End PBXVariantGroup section */

/* Begin XCBuildConfiguration section */
		27BF64021DBDD00E000FD106 /* Debug */ = {
			isa = XCBuildConfiguration;
			buildSettings = {
				ALWAYS_SEARCH_USER_PATHS = NO;
				CLANG_ANALYZER_NONNULL = YES;
				CLANG_CXX_LANGUAGE_STANDARD = "gnu++0x";
				CLANG_CXX_LIBRARY = "libc++";
				CLANG_ENABLE_MODULES = YES;
				CLANG_ENABLE_OBJC_ARC = YES;
				CLANG_WARN_BOOL_CONVERSION = YES;
				CLANG_WARN_CONSTANT_CONVERSION = YES;
				CLANG_WARN_DIRECT_OBJC_ISA_USAGE = YES_ERROR;
				CLANG_WARN_EMPTY_BODY = YES;
				CLANG_WARN_ENUM_CONVERSION = YES;
				CLANG_WARN_INT_CONVERSION = YES;
				CLANG_WARN_OBJC_ROOT_CLASS = YES_ERROR;
				CLANG_WARN_UNREACHABLE_CODE = YES;
				CLANG_WARN__DUPLICATE_METHOD_MATCH = YES;
				"CODE_SIGN_IDENTITY[sdk=iphoneos*]" = "iPhone Developer";
				COPY_PHASE_STRIP = NO;
				DEBUG_INFORMATION_FORMAT = dwarf;
				ENABLE_STRICT_OBJC_MSGSEND = YES;
				ENABLE_TESTABILITY = YES;
				GCC_C_LANGUAGE_STANDARD = gnu99;
				GCC_DYNAMIC_NO_PIC = NO;
				GCC_NO_COMMON_BLOCKS = YES;
				GCC_OPTIMIZATION_LEVEL = 0;
				GCC_PREPROCESSOR_DEFINITIONS = (
					"DEBUG=1",
					"$(inherited)",
				);
				GCC_WARN_64_TO_32_BIT_CONVERSION = YES;
				GCC_WARN_ABOUT_RETURN_TYPE = YES_ERROR;
				GCC_WARN_UNDECLARED_SELECTOR = YES;
				GCC_WARN_UNINITIALIZED_AUTOS = YES_AGGRESSIVE;
				GCC_WARN_UNUSED_FUNCTION = YES;
				GCC_WARN_UNUSED_VARIABLE = YES;
				IPHONEOS_DEPLOYMENT_TARGET = 9.3;
				MTL_ENABLE_DEBUG_INFO = YES;
				ONLY_ACTIVE_ARCH = YES;
				SDKROOT = iphoneos;
				SWIFT_OPTIMIZATION_LEVEL = "-Onone";
				TARGETED_DEVICE_FAMILY = "1,2";
			};
			name = Debug;
		};
		27BF64031DBDD00E000FD106 /* Release */ = {
			isa = XCBuildConfiguration;
			buildSettings = {
				ALWAYS_SEARCH_USER_PATHS = NO;
				CLANG_ANALYZER_NONNULL = YES;
				CLANG_CXX_LANGUAGE_STANDARD = "gnu++0x";
				CLANG_CXX_LIBRARY = "libc++";
				CLANG_ENABLE_MODULES = YES;
				CLANG_ENABLE_OBJC_ARC = YES;
				CLANG_WARN_BOOL_CONVERSION = YES;
				CLANG_WARN_CONSTANT_CONVERSION = YES;
				CLANG_WARN_DIRECT_OBJC_ISA_USAGE = YES_ERROR;
				CLANG_WARN_EMPTY_BODY = YES;
				CLANG_WARN_ENUM_CONVERSION = YES;
				CLANG_WARN_INT_CONVERSION = YES;
				CLANG_WARN_OBJC_ROOT_CLASS = YES_ERROR;
				CLANG_WARN_UNREACHABLE_CODE = YES;
				CLANG_WARN__DUPLICATE_METHOD_MATCH = YES;
				"CODE_SIGN_IDENTITY[sdk=iphoneos*]" = "iPhone Developer";
				COPY_PHASE_STRIP = NO;
				DEBUG_INFORMATION_FORMAT = "dwarf-with-dsym";
				ENABLE_NS_ASSERTIONS = NO;
				ENABLE_STRICT_OBJC_MSGSEND = YES;
				GCC_C_LANGUAGE_STANDARD = gnu99;
				GCC_NO_COMMON_BLOCKS = YES;
				GCC_WARN_64_TO_32_BIT_CONVERSION = YES;
				GCC_WARN_ABOUT_RETURN_TYPE = YES_ERROR;
				GCC_WARN_UNDECLARED_SELECTOR = YES;
				GCC_WARN_UNINITIALIZED_AUTOS = YES_AGGRESSIVE;
				GCC_WARN_UNUSED_FUNCTION = YES;
				GCC_WARN_UNUSED_VARIABLE = YES;
				IPHONEOS_DEPLOYMENT_TARGET = 9.3;
				MTL_ENABLE_DEBUG_INFO = NO;
				SDKROOT = iphoneos;
				TARGETED_DEVICE_FAMILY = "1,2";
				VALIDATE_PRODUCT = YES;
			};
			name = Release;
		};
		27BF64051DBDD00E000FD106 /* Debug */ = {
			isa = XCBuildConfiguration;
			buildSettings = {
				ASSETCATALOG_COMPILER_APPICON_NAME = AppIcon;
				INFOPLIST_FILE = FaceIt/Info.plist;
				LD_RUNPATH_SEARCH_PATHS = "$(inherited) @executable_path/Frameworks";
				PRODUCT_BUNDLE_IDENTIFIER = com.cdts.FaceIt;
				PRODUCT_NAME = "$(TARGET_NAME)";
			};
			name = Debug;
		};
		27BF64061DBDD00E000FD106 /* Release */ = {
			isa = XCBuildConfiguration;
			buildSettings = {
				ASSETCATALOG_COMPILER_APPICON_NAME = AppIcon;
				INFOPLIST_FILE = FaceIt/Info.plist;
				LD_RUNPATH_SEARCH_PATHS = "$(inherited) @executable_path/Frameworks";
				PRODUCT_BUNDLE_IDENTIFIER = com.cdts.FaceIt;
				PRODUCT_NAME = "$(TARGET_NAME)";
			};
			name = Release;
		};
/* End XCBuildConfiguration section */

/* Begin XCConfigurationList section */
		27BF63ED1DBDD00D000FD106 /* Build configuration list for PBXProject "FaceIt" */ = {
			isa = XCConfigurationList;
			buildConfigurations = (
				27BF64021DBDD00E000FD106 /* Debug */,
				27BF64031DBDD00E000FD106 /* Release */,
			);
			defaultConfigurationIsVisible = 0;
			defaultConfigurationName = Release;
		};
		27BF64041DBDD00E000FD106 /* Build configuration list for PBXNativeTarget "FaceIt" */ = {
			isa = XCConfigurationList;
			buildConfigurations = (
				27BF64051DBDD00E000FD106 /* Debug */,
				27BF64061DBDD00E000FD106 /* Release */,
			);
			defaultConfigurationIsVisible = 0;
			defaultConfigurationName = Release;
		};
/* End XCConfigurationList section */
	};
	rootObject = 27BF63EA1DBDD00D000FD106 /* Project object */;
}
